
Microsoft Visual Studio Solution File, Format Version 12.00
# Visual Studio Version 17
VisualStudioVersion = 17.2.32616.157
MinimumVisualStudioVersion = 10.0.40219.1
Project("{9A19103F-16F7-4668-BE54-9A1E7A4F7556}") = "Simulation", "Simulation\Simulation.csproj", "{3C5C5594-BF7C-48B8-B704-D71A3B92EFB5}"
EndProject
Project("{9A19103F-16F7-4668-BE54-9A1E7A4F7556}") = "TrafficControlService", "TrafficControlService\TrafficControlService.csproj", "{4973B497-798E-4B04-B01C-AF25D77723C5}"
EndProject
Project("{9A19103F-16F7-4668-BE54-9A1E7A4F7556}") = "FineCollectionService", "FineCollectionService\FineCollectionService.csproj", "{2D3BAAC0-83BB-4F68-B4FC-1F22D6C7FE1A}"
EndProject
Project("{FAE04EC0-301F-11D3-BF4B-00C04F79EFBC}") = "VehicleRegistrationService", "VehicleRegistrationService\VehicleRegistrationService.csproj", "{821757DB-0F3A-4ED8-9ED6-C488A12F7D21}"
EndProject
Global
	GlobalSection(SolutionConfigurationPlatforms) = preSolution
		Debug|Any CPU = Debug|Any CPU
		Release|Any CPU = Release|Any CPU
	EndGlobalSection
	GlobalSection(ProjectConfigurationPlatforms) = postSolution
		{3C5C5594-BF7C-48B8-B704-D71A3B92EFB5}.Debug|Any CPU.ActiveCfg = Debug|Any CPU
		{3C5C5594-BF7C-48B8-B704-D71A3B92EFB5}.Debug|Any CPU.Build.0 = Debug|Any CPU
		{3C5C5594-BF7C-48B8-B704-D71A3B92EFB5}.Release|Any CPU.ActiveCfg = Release|Any CPU
		{3C5C5594-BF7C-48B8-B704-D71A3B92EFB5}.Release|Any CPU.Build.0 = Release|Any CPU
		{4973B497-798E-4B04-B01C-AF25D77723C5}.Debug|Any CPU.ActiveCfg = Debug|Any CPU
		{4973B497-798E-4B04-B01C-AF25D77723C5}.Debug|Any CPU.Build.0 = Debug|Any CPU
		{4973B497-798E-4B04-B01C-AF25D77723C5}.Release|Any CPU.ActiveCfg = Release|Any CPU
		{4973B497-798E-4B04-B01C-AF25D77723C5}.Release|Any CPU.Build.0 = Release|Any CPU
		{2D3BAAC0-83BB-4F68-B4FC-1F22D6C7FE1A}.Debug|Any CPU.ActiveCfg = Debug|Any CPU
		{2D3BAAC0-83BB-4F68-B4FC-1F22D6C7FE1A}.Debug|Any CPU.Build.0 = Debug|Any CPU
		{2D3BAAC0-83BB-4F68-B4FC-1F22D6C7FE1A}.Release|Any CPU.ActiveCfg = Release|Any CPU
		{2D3BAAC0-83BB-4F68-B4FC-1F22D6C7FE1A}.Release|Any CPU.Build.0 = Release|Any CPU
		{821757DB-0F3A-4ED8-9ED6-C488A12F7D21}.Debug|Any CPU.ActiveCfg = Debug|Any CPU
		{821757DB-0F3A-4ED8-9ED6-C488A12F7D21}.Debug|Any CPU.Build.0 = Debug|Any CPU
		{821757DB-0F3A-4ED8-9ED6-C488A12F7D21}.Release|Any CPU.ActiveCfg = Release|Any CPU
		{821757DB-0F3A-4ED8-9ED6-C488A12F7D21}.Release|Any CPU.Build.0 = Release|Any CPU
	EndGlobalSection
	GlobalSection(SolutionProperties) = preSolution
		HideSolutionNode = FALSE
	EndGlobalSection
	GlobalSection(ExtensibilityGlobals) = postSolution
		SolutionGuid = {D634DCF5-B42C-4E48-B5B6-A82C0D63BC73}
	EndGlobalSection
EndGlobal
